// !$*UTF8*$!
{
	archiveVersion = 1;
	classes = {
	};
	objectVersion = 50;
	objects = {

/* Begin PBXBuildFile section */
		FA62A23125B34FB5005EA5D5 /* ButtonView2.swift in Sources */ = {isa = PBXBuildFile; fileRef = FA62A23025B34FB5005EA5D5 /* ButtonView2.swift */; };
		FA62A23525B35711005EA5D5 /* ButtonView3.swift in Sources */ = {isa = PBXBuildFile; fileRef = FA62A23425B35711005EA5D5 /* ButtonView3.swift */; };
		FA649CD625C7795300341270 /* ButtonView4.swift in Sources */ = {isa = PBXBuildFile; fileRef = FA649CD525C7795300341270 /* ButtonView4.swift */; };
		FA7C7CF925B2F36B00742F30 /* NeumorphicButtonApp.swift in Sources */ = {isa = PBXBuildFile; fileRef = FA7C7CF825B2F36B00742F30 /* NeumorphicButtonApp.swift */; };
		FA7C7CFB25B2F36B00742F30 /* ContentView.swift in Sources */ = {isa = PBXBuildFile; fileRef = FA7C7CFA25B2F36B00742F30 /* ContentView.swift */; };
		FA7C7CFD25B2F36F00742F30 /* Assets.xcassets in Resources */ = {isa = PBXBuildFile; fileRef = FA7C7CFC25B2F36F00742F30 /* Assets.xcassets */; };
		FA7C7D0025B2F36F00742F30 /* Preview Assets.xcassets in Resources */ = {isa = PBXBuildFile; fileRef = FA7C7CFF25B2F36F00742F30 /* Preview Assets.xcassets */; };
		FA7C7D0925B2FA3100742F30 /* ButtonView1.swift in Sources */ = {isa = PBXBuildFile; fileRef = FA7C7D0825B2FA3100742F30 /* ButtonView1.swift */; };
/* End PBXBuildFile section */

/* Begin PBXFileReference section */
		FA62A23025B34FB5005EA5D5 /* ButtonView2.swift */ = {isa = PBXFileReference; lastKnownFileType = sourcecode.swift; path = ButtonView2.swift; sourceTree = "<group>"; };
		FA62A23425B35711005EA5D5 /* ButtonView3.swift */ = {isa = PBXFileReference; lastKnownFileType = sourcecode.swift; path = ButtonView3.swift; sourceTree = "<group>"; };
		FA649CD525C7795300341270 /* ButtonView4.swift */ = {isa = PBXFileReference; lastKnownFileType = sourcecode.swift; path = ButtonView4.swift; sourceTree = "<group>"; };
		FA7C7CF525B2F36B00742F30 /* NeumorphicButton.app */ = {isa = PBXFileReference; explicitFileType = wrapper.application; includeInIndex = 0; path = NeumorphicButton.app; sourceTree = BUILT_PRODUCTS_DIR; };
		FA7C7CF825B2F36B00742F30 /* NeumorphicButtonApp.swift */ = {isa = PBXFileReference; lastKnownFileType = sourcecode.swift; path = NeumorphicButtonApp.swift; sourceTree = "<group>"; };
		FA7C7CFA25B2F36B00742F30 /* ContentView.swift */ = {isa = PBXFileReference; lastKnownFileType = sourcecode.swift; path = ContentView.swift; sourceTree = "<group>"; };
		FA7C7CFC25B2F36F00742F30 /* Assets.xcassets */ = {isa = PBXFileReference; lastKnownFileType = folder.assetcatalog; path = Assets.xcassets; sourceTree = "<group>"; };
		FA7C7CFF25B2F36F00742F30 /* Preview Assets.xcassets */ = {isa = PBXFileReference; lastKnownFileType = folder.assetcatalog; path = "Preview Assets.xcassets"; sourceTree = "<group>"; };
		FA7C7D0125B2F36F00742F30 /* Info.plist */ = {isa = PBXFileReference; lastKnownFileType = text.plist.xml; path = Info.plist; sourceTree = "<group>"; };
		FA7C7D0825B2FA3100742F30 /* ButtonView1.swift */ = {isa = PBXFileReference; lastKnownFileType = sourcecode.swift; path = ButtonView1.swift; sourceTree = "<group>"; };
/* End PBXFileReference section */

/* Begin PBXFrameworksBuildPhase section */
		FA7C7CF225B2F36B00742F30 /* Frameworks */ = {
			isa = PBXFrameworksBuildPhase;
			buildActionMask = 2147483647;
			files = (
			);
			runOnlyForDeploymentPostprocessing = 0;
		};
/* End PBXFrameworksBuildPhase section */

/* Begin PBXGroup section */
		FA7C7CEC25B2F36B00742F30 = {
			isa = PBXGroup;
			children = (
				FA7C7CF725B2F36B00742F30 /* NeumorphicButton */,
				FA7C7CF625B2F36B00742F30 /* Products */,
			);
			sourceTree = "<group>";
		};
		FA7C7CF625B2F36B00742F30 /* Products */ = {
			isa = PBXGroup;
			children = (
				FA7C7CF525B2F36B00742F30 /* NeumorphicButton.app */,
			);
			name = Products;
			sourceTree = "<group>";
		};
		FA7C7CF725B2F36B00742F30 /* NeumorphicButton */ = {
			isa = PBXGroup;
			children = (
				FA7C7CF825B2F36B00742F30 /* NeumorphicButtonApp.swift */,
				FA7C7CFA25B2F36B00742F30 /* ContentView.swift */,
				FA7C7D0825B2FA3100742F30 /* ButtonView1.swift */,
				FA62A23025B34FB5005EA5D5 /* ButtonView2.swift */,
				FA62A23425B35711005EA5D5 /* ButtonView3.swift */,
				FA649CD525C7795300341270 /* ButtonView4.swift */,
				FA7C7CFC25B2F36F00742F30 /* Assets.xcassets */,
				FA7C7D0125B2F36F00742F30 /* Info.plist */,
				FA7C7CFE25B2F36F00742F30 /* Preview Content */,
			);
			path = NeumorphicButton;
			sourceTree = "<group>";
		};
		FA7C7CFE25B2F36F00742F30 /* Preview Content */ = {
			isa = PBXGroup;
			children = (
				FA7C7CFF25B2F36F00742F30 /* Preview Assets.xcassets */,
			);
			path = "Preview Content";
			sourceTree = "<group>";
		};
/* End PBXGroup section */

/* Begin PBXNativeTarget section */
		FA7C7CF425B2F36B00742F30 /* NeumorphicButton */ = {
			isa = PBXNativeTarget;
			buildConfigurationList = FA7C7D0425B2F36F00742F30 /* Build configuration list for PBXNativeTarget "NeumorphicButton" */;
			buildPhases = (
				FA7C7CF125B2F36B00742F30 /* Sources */,
				FA7C7CF225B2F36B00742F30 /* Frameworks */,
				FA7C7CF325B2F36B00742F30 /* Resources */,
			);
			buildRules = (
			);
			dependencies = (
			);
			name = NeumorphicButton;
			productName = NeumorphicButton;
			productReference = FA7C7CF525B2F36B00742F30 /* NeumorphicButton.app */;
			productType = "com.apple.product-type.application";
		};
/* End PBXNativeTarget section */

/* Begin PBXProject section */
		FA7C7CED25B2F36B00742F30 /* Project object */ = {
			isa = PBXProject;
			attributes = {
				LastSwiftUpdateCheck = 1220;
				LastUpgradeCheck = 1220;
				TargetAttributes = {
					FA7C7CF425B2F36B00742F30 = {
						CreatedOnToolsVersion = 12.2;
					};
				};
			};
			buildConfigurationList = FA7C7CF025B2F36B00742F30 /* Build configuration list for PBXProject "NeumorphicButton" */;
			compatibilityVersion = "Xcode 9.3";
			developmentRegion = en;
			hasScannedForEncodings = 0;
			knownRegions = (
				en,
				Base,
			);
			mainGroup = FA7C7CEC25B2F36B00742F30;
			productRefGroup = FA7C7CF625B2F36B00742F30 /* Products */;
			projectDirPath = "";
			projectRoot = "";
			targets = (
				FA7C7CF425B2F36B00742F30 /* NeumorphicButton */,
			);
		};
/* End PBXProject section */

/* Begin PBXResourcesBuildPhase section */
		FA7C7CF325B2F36B00742F30 /* Resources */ = {
			isa = PBXResourcesBuildPhase;
			buildActionMask = 2147483647;
			files = (
				FA7C7D0025B2F36F00742F30 /* Preview Assets.xcassets in Resources */,
				FA7C7CFD25B2F36F00742F30 /* Assets.xcassets in Resources */,
			);
			runOnlyForDeploymentPostprocessing = 0;
		};
/* End PBXResourcesBuildPhase section */

/* Begin PBXSourcesBuildPhase section */
		FA7C7CF125B2F36B00742F30 /* Sources */ = {
			isa = PBXSourcesBuildPhase;
			buildActionMask = 2147483647;
			files = (
				FA7C7CFB25B2F36B00742F30 /* ContentView.swift in Sources */,
				FA649CD625C7795300341270 /* ButtonView4.swift in Sources */,
				FA62A23125B34FB5005EA5D5 /* ButtonView2.swift in Sources */,
				FA7C7D0925B2FA3100742F30 /* ButtonView1.swift in Sources */,
				FA7C7CF925B2F36B00742F30 /* NeumorphicButtonApp.swift in Sources */,
				FA62A23525B35711005EA5D5 /* ButtonView3.swift in Sources */,
			);
			runOnlyForDeploymentPostprocessing = 0;
		};
/* End PBXSourcesBuildPhase section */

/* Begin XCBuildConfiguration section */
		FA7C7D0225B2F36F00742F30 /* Debug */ = {
			isa = XCBuildConfiguration;
			buildSettings = {
				ALWAYS_SEARCH_USER_PATHS = NO;
				CLANG_ANALYZER_NONNULL = YES;
				CLANG_ANALYZER_NUMBER_OBJECT_CONVERSION = YES_AGGRESSIVE;
				CLANG_CXX_LANGUAGE_STANDARD = "gnu++14";
				CLANG_CXX_LIBRARY = "libc++";
				CLANG_ENABLE_MODULES = YES;
				CLANG_ENABLE_OBJC_ARC = YES;
				CLANG_ENABLE_OBJC_WEAK = YES;
				CLANG_WARN_BLOCK_CAPTURE_AUTORELEASING = YES;
				CLANG_WARN_BOOL_CONVERSION = YES;
				CLANG_WARN_COMMA = YES;
				CLANG_WARN_CONSTANT_CONVERSION = YES;
				CLANG_WARN_DEPRECATED_OBJC_IMPLEMENTATIONS = YES;
				CLANG_WARN_DIRECT_OBJC_ISA_USAGE = YES_ERROR;
				CLANG_WARN_DOCUMENTATION_COMMENTS = YES;
				CLANG_WARN_EMPTY_BODY = YES;
				CLANG_WARN_ENUM_CONVERSION = YES;
				CLANG_WARN_INFINITE_RECURSION = YES;
				CLANG_WARN_INT_CONVERSION = YES;
				CLANG_WARN_NON_LITERAL_NULL_CONVERSION = YES;
				CLANG_WARN_OBJC_IMPLICIT_RETAIN_SELF = YES;
				CLANG_WARN_OBJC_LITERAL_CONVERSION = YES;
				CLANG_WARN_OBJC_ROOT_CLASS = YES_ERROR;
				CLANG_WARN_QUOTED_INCLUDE_IN_FRAMEWORK_HEADER = YES;
				CLANG_WARN_RANGE_LOOP_ANALYSIS = YES;
				CLANG_WARN_STRICT_PROTOTYPES = YES;
				CLANG_WARN_SUSPICIOUS_MOVE = YES;
				CLANG_WARN_UNGUARDED_AVAILABILITY = YES_AGGRESSIVE;
				CLANG_WARN_UNREACHABLE_CODE = YES;
				CLANG_WARN__DUPLICATE_METHOD_MATCH = YES;
				COPY_PHASE_STRIP = NO;
				DEBUG_INFORMATION_FORMAT = dwarf;
				ENABLE_STRICT_OBJC_MSGSEND = YES;
				ENABLE_TESTABILITY = YES;
				GCC_C_LANGUAGE_STANDARD = gnu11;
				GCC_DYNAMIC_NO_PIC = NO;
				GCC_NO_COMMON_BLOCKS = YES;
				GCC_OPTIMIZATION_LEVEL = 0;
				GCC_PREPROCESSOR_DEFINITIONS = (
					"DEBUG=1",
					"$(inherited)",
				);
				GCC_WARN_64_TO_32_BIT_CONVERSION = YES;
				GCC_WARN_ABOUT_RETURN_TYPE = YES_ERROR;
				GCC_WARN_UNDECLARED_SELECTOR = YES;
				GCC_WARN_UNINITIALIZED_AUTOS = YES_AGGRESSIVE;
				GCC_WARN_UNUSED_FUNCTION = YES;
				GCC_WARN_UNUSED_VARIABLE = YES;
				IPHONEOS_DEPLOYMENT_TARGET = 14.2;
				MTL_ENABLE_DEBUG_INFO = INCLUDE_SOURCE;
				MTL_FAST_MATH = YES;
				ONLY_ACTIVE_ARCH = YES;
				SDKROOT = iphoneos;
				SWIFT_ACTIVE_COMPILATION_CONDITIONS = DEBUG;
				SWIFT_OPTIMIZATION_LEVEL = "-Onone";
			};
			name = Debug;
		};
		FA7C7D0325B2F36F00742F30 /* Release */ = {
			isa = XCBuildConfiguration;
			buildSettings = {
				ALWAYS_SEARCH_USER_PATHS = NO;
				CLANG_ANALYZER_NONNULL = YES;
				CLANG_ANALYZER_NUMBER_OBJECT_CONVERSION = YES_AGGRESSIVE;
				CLANG_CXX_LANGUAGE_STANDARD = "gnu++14";
				CLANG_CXX_LIBRARY = "libc++";
				CLANG_ENABLE_MODULES = YES;
				CLANG_ENABLE_OBJC_ARC = YES;
				CLANG_ENABLE_OBJC_WEAK = YES;
				CLANG_WARN_BLOCK_CAPTURE_AUTORELEASING = YES;
				CLANG_WARN_BOOL_CONVERSION = YES;
				CLANG_WARN_COMMA = YES;
				CLANG_WARN_CONSTANT_CONVERSION = YES;
				CLANG_WARN_DEPRECATED_OBJC_IMPLEMENTATIONS = YES;
				CLANG_WARN_DIRECT_OBJC_ISA_USAGE = YES_ERROR;
				CLANG_WARN_DOCUMENTATION_COMMENTS = YES;
				CLANG_WARN_EMPTY_BODY = YES;
				CLANG_WARN_ENUM_CONVERSION = YES;
				CLANG_WARN_INFINITE_RECURSION = YES;
				CLANG_WARN_INT_CONVERSION = YES;
				CLANG_WARN_NON_LITERAL_NULL_CONVERSION = YES;
				CLANG_WARN_OBJC_IMPLICIT_RETAIN_SELF = YES;
				CLANG_WARN_OBJC_LITERAL_CONVERSION = YES;
				CLANG_WARN_OBJC_ROOT_CLASS = YES_ERROR;
				CLANG_WARN_QUOTED_INCLUDE_IN_FRAMEWORK_HEADER = YES;
				CLANG_WARN_RANGE_LOOP_ANALYSIS = YES;
				CLANG_WARN_STRICT_PROTOTYPES = YES;
				CLANG_WARN_SUSPICIOUS_MOVE = YES;
				CLANG_WARN_UNGUARDED_AVAILABILITY = YES_AGGRESSIVE;
				CLANG_WARN_UNREACHABLE_CODE = YES;
				CLANG_WARN__DUPLICATE_METHOD_MATCH = YES;
				COPY_PHASE_STRIP = NO;
				DEBUG_INFORMATION_FORMAT = "dwarf-with-dsym";
				ENABLE_NS_ASSERTIONS = NO;
				ENABLE_STRICT_OBJC_MSGSEND = YES;
				GCC_C_LANGUAGE_STANDARD = gnu11;
				GCC_NO_COMMON_BLOCKS = YES;
				GCC_WARN_64_TO_32_BIT_CONVERSION = YES;
				GCC_WARN_ABOUT_RETURN_TYPE = YES_ERROR;
				GCC_WARN_UNDECLARED_SELECTOR = YES;
				GCC_WARN_UNINITIALIZED_AUTOS = YES_AGGRESSIVE;
				GCC_WARN_UNUSED_FUNCTION = YES;
				GCC_WARN_UNUSED_VARIABLE = YES;
				IPHONEOS_DEPLOYMENT_TARGET = 14.2;
				MTL_ENABLE_DEBUG_INFO = NO;
				MTL_FAST_MATH = YES;
				SDKROOT = iphoneos;
				SWIFT_COMPILATION_MODE = wholemodule;
				SWIFT_OPTIMIZATION_LEVEL = "-O";
				VALIDATE_PRODUCT = YES;
			};
			name = Release;
		};
		FA7C7D0525B2F36F00742F30 /* Debug */ = {
			isa = XCBuildConfiguration;
			buildSettings = {
				ASSETCATALOG_COMPILER_APPICON_NAME = AppIcon;
				ASSETCATALOG_COMPILER_GLOBAL_ACCENT_COLOR_NAME = AccentColor;
				CODE_SIGN_STYLE = Automatic;
				DEVELOPMENT_ASSET_PATHS = "\"NeumorphicButton/Preview Content\"";
				DEVELOPMENT_TEAM = L3D4N97HKA;
				ENABLE_PREVIEWS = YES;
				INFOPLIST_FILE = NeumorphicButton/Info.plist;
				IPHONEOS_DEPLOYMENT_TARGET = 14.0;
				LD_RUNPATH_SEARCH_PATHS = (
					"$(inherited)",
					"@executable_path/Frameworks",
				);
				PRODUCT_BUNDLE_IDENTIFIER = com.taufikarsandi.NeumorphicButton;
				PRODUCT_NAME = "$(TARGET_NAME)";
				SWIFT_VERSION = 5.0;
				TARGETED_DEVICE_FAMILY = "1,2";
			};
			name = Debug;
		};
		FA7C7D0625B2F36F00742F30 /* Release */ = {
			isa = XCBuildConfiguration;
			buildSettings = {
				ASSETCATALOG_COMPILER_APPICON_NAME = AppIcon;
				ASSETCATALOG_COMPILER_GLOBAL_ACCENT_COLOR_NAME = AccentColor;
				CODE_SIGN_STYLE = Automatic;
				DEVELOPMENT_ASSET_PATHS = "\"NeumorphicButton/Preview Content\"";
				DEVELOPMENT_TEAM = L3D4N97HKA;
				ENABLE_PREVIEWS = YES;
				INFOPLIST_FILE = NeumorphicButton/Info.plist;
				IPHONEOS_DEPLOYMENT_TARGET = 14.0;
				LD_RUNPATH_SEARCH_PATHS = (
					"$(inherited)",
					"@executable_path/Frameworks",
				);
				PRODUCT_BUNDLE_IDENTIFIER = com.taufikarsandi.NeumorphicButton;
				PRODUCT_NAME = "$(TARGET_NAME)";
				SWIFT_VERSION = 5.0;
				TARGETED_DEVICE_FAMILY = "1,2";
			};
			name = Release;
		};
/* End XCBuildConfiguration section */

/* Begin XCConfigurationList section */
		FA7C7CF025B2F36B00742F30 /* Build configuration list for PBXProject "NeumorphicButton" */ = {
			isa = XCConfigurationList;
			buildConfigurations = (
				FA7C7D0225B2F36F00742F30 /* Debug */,
				FA7C7D0325B2F36F00742F30 /* Release */,
			);
			defaultConfigurationIsVisible = 0;
			defaultConfigurationName = Release;
		};
		FA7C7D0425B2F36F00742F30 /* Build configuration list for PBXNativeTarget "NeumorphicButton" */ = {
			isa = XCConfigurationList;
			buildConfigurations = (
				FA7C7D0525B2F36F00742F30 /* Debug */,
				FA7C7D0625B2F36F00742F30 /* Release */,
			);
			defaultConfigurationIsVisible = 0;
			defaultConfigurationName = Release;
		};
/* End XCConfigurationList section */
	};
	rootObject = FA7C7CED25B2F36B00742F30 /* Project object */;
}
